
Microsoft Visual Studio Solution File, Format Version 12.00
# Visual Studio Version 17
VisualStudioVersion = 17.5.33627.172
MinimumVisualStudioVersion = 10.0.40219.1
Project("{FAE04EC0-301F-11D3-BF4B-00C04F79EFBC}") = "PokerHandRanking", "PokerHandRanking\PokerHandRanking.csproj", "{5DEDD585-A2E3-4B1A-8A2D-BA5854FB8B8D}"
EndProject
Project("{FAE04EC0-301F-11D3-BF4B-00C04F79EFBC}") = "PokerHandRanking.Tests", "PokerHandRanking.Tests\PokerHandRanking.Tests.csproj", "{B80FB155-4903-4A54-B16F-71E3C428E42C}"
EndProject
Global
	GlobalSection(SolutionConfigurationPlatforms) = preSolution
		Debug|Any CPU = Debug|Any CPU
		Release|Any CPU = Release|Any CPU
	EndGlobalSection
	GlobalSection(ProjectConfigurationPlatforms) = postSolution
		{5DEDD585-A2E3-4B1A-8A2D-BA5854FB8B8D}.Debug|Any CPU.ActiveCfg = Debug|Any CPU
		{5DEDD585-A2E3-4B1A-8A2D-BA5854FB8B8D}.Debug|Any CPU.Build.0 = Debug|Any CPU
		{5DEDD585-A2E3-4B1A-8A2D-BA5854FB8B8D}.Release|Any CPU.ActiveCfg = Release|Any CPU
		{5DEDD585-A2E3-4B1A-8A2D-BA5854FB8B8D}.Release|Any CPU.Build.0 = Release|Any CPU
		{B80FB155-4903-4A54-B16F-71E3C428E42C}.Debug|Any CPU.ActiveCfg = Debug|Any CPU
		{B80FB155-4903-4A54-B16F-71E3C428E42C}.Debug|Any CPU.Build.0 = Debug|Any CPU
		{B80FB155-4903-4A54-B16F-71E3C428E42C}.Release|Any CPU.ActiveCfg = Release|Any CPU
		{B80FB155-4903-4A54-B16F-71E3C428E42C}.Release|Any CPU.Build.0 = Release|Any CPU
	EndGlobalSection
	GlobalSection(SolutionProperties) = preSolution
		HideSolutionNode = FALSE
	EndGlobalSection
	GlobalSection(ExtensibilityGlobals) = postSolution
		SolutionGuid = {226E2A05-0577-40E4-9EF8-D4803E826CB1}
	EndGlobalSection
EndGlobal
